{
  "originHash" : "0075cd47af466887bd33d13797733bac7c18fe857c36aa2e2dd6f8c93fd9a3f1",
  "pins" : [
    {
      "identity" : "swiftkey",
      "kind" : "remoteSourceControl",
      "location" : "https://github.com/ricky-stone/SwiftKey.git",
      "state" : {
        "revision" : "4d1ae43e16864daa84bda8c5161861b6b6877ef3",
        "version" : "1.1.0"
      }
    }
  ],
  "version" : 3
}
